
Microsoft Visual Studio Solution File, Format Version 12.00
# Visual Studio 15
VisualStudioVersion = 15.0.26124.0
MinimumVisualStudioVersion = 15.0.26124.0
Project("{FAE04EC0-301F-11D3-BF4B-00C04F79EFBC}") = "API", "API\API.csproj", "{FB95F26E-63CE-4467-98EA-E91AB63885A5}"
EndProject
Project("{FAE04EC0-301F-11D3-BF4B-00C04F79EFBC}") = "Core", "Core\Core.csproj", "{3C004631-56E7-4469-A62B-43F1047D1F48}"
EndProject
Project("{FAE04EC0-301F-11D3-BF4B-00C04F79EFBC}") = "Infrastructure", "Infrastructure\Infrastructure.csproj", "{F403FA7C-786C-4DFF-93E8-01721E960416}"
EndProject
Global
	GlobalSection(SolutionConfigurationPlatforms) = preSolution
		Debug|Any CPU = Debug|Any CPU
		Debug|x64 = Debug|x64
		Debug|x86 = Debug|x86
		Release|Any CPU = Release|Any CPU
		Release|x64 = Release|x64
		Release|x86 = Release|x86
	EndGlobalSection
	GlobalSection(SolutionProperties) = preSolution
		HideSolutionNode = FALSE
	EndGlobalSection
	GlobalSection(ProjectConfigurationPlatforms) = postSolution
		{FB95F26E-63CE-4467-98EA-E91AB63885A5}.Debug|Any CPU.ActiveCfg = Debug|Any CPU
		{FB95F26E-63CE-4467-98EA-E91AB63885A5}.Debug|Any CPU.Build.0 = Debug|Any CPU
		{FB95F26E-63CE-4467-98EA-E91AB63885A5}.Debug|x64.ActiveCfg = Debug|Any CPU
		{FB95F26E-63CE-4467-98EA-E91AB63885A5}.Debug|x64.Build.0 = Debug|Any CPU
		{FB95F26E-63CE-4467-98EA-E91AB63885A5}.Debug|x86.ActiveCfg = Debug|Any CPU
		{FB95F26E-63CE-4467-98EA-E91AB63885A5}.Debug|x86.Build.0 = Debug|Any CPU
		{FB95F26E-63CE-4467-98EA-E91AB63885A5}.Release|Any CPU.ActiveCfg = Release|Any CPU
		{FB95F26E-63CE-4467-98EA-E91AB63885A5}.Release|Any CPU.Build.0 = Release|Any CPU
		{FB95F26E-63CE-4467-98EA-E91AB63885A5}.Release|x64.ActiveCfg = Release|Any CPU
		{FB95F26E-63CE-4467-98EA-E91AB63885A5}.Release|x64.Build.0 = Release|Any CPU
		{FB95F26E-63CE-4467-98EA-E91AB63885A5}.Release|x86.ActiveCfg = Release|Any CPU
		{FB95F26E-63CE-4467-98EA-E91AB63885A5}.Release|x86.Build.0 = Release|Any CPU
		{3C004631-56E7-4469-A62B-43F1047D1F48}.Debug|Any CPU.ActiveCfg = Debug|Any CPU
		{3C004631-56E7-4469-A62B-43F1047D1F48}.Debug|Any CPU.Build.0 = Debug|Any CPU
		{3C004631-56E7-4469-A62B-43F1047D1F48}.Debug|x64.ActiveCfg = Debug|Any CPU
		{3C004631-56E7-4469-A62B-43F1047D1F48}.Debug|x64.Build.0 = Debug|Any CPU
		{3C004631-56E7-4469-A62B-43F1047D1F48}.Debug|x86.ActiveCfg = Debug|Any CPU
		{3C004631-56E7-4469-A62B-43F1047D1F48}.Debug|x86.Build.0 = Debug|Any CPU
		{3C004631-56E7-4469-A62B-43F1047D1F48}.Release|Any CPU.ActiveCfg = Release|Any CPU
		{3C004631-56E7-4469-A62B-43F1047D1F48}.Release|Any CPU.Build.0 = Release|Any CPU
		{3C004631-56E7-4469-A62B-43F1047D1F48}.Release|x64.ActiveCfg = Release|Any CPU
		{3C004631-56E7-4469-A62B-43F1047D1F48}.Release|x64.Build.0 = Release|Any CPU
		{3C004631-56E7-4469-A62B-43F1047D1F48}.Release|x86.ActiveCfg = Release|Any CPU
		{3C004631-56E7-4469-A62B-43F1047D1F48}.Release|x86.Build.0 = Release|Any CPU
		{F403FA7C-786C-4DFF-93E8-01721E960416}.Debug|Any CPU.ActiveCfg = Debug|Any CPU
		{F403FA7C-786C-4DFF-93E8-01721E960416}.Debug|Any CPU.Build.0 = Debug|Any CPU
		{F403FA7C-786C-4DFF-93E8-01721E960416}.Debug|x64.ActiveCfg = Debug|Any CPU
		{F403FA7C-786C-4DFF-93E8-01721E960416}.Debug|x64.Build.0 = Debug|Any CPU
		{F403FA7C-786C-4DFF-93E8-01721E960416}.Debug|x86.ActiveCfg = Debug|Any CPU
		{F403FA7C-786C-4DFF-93E8-01721E960416}.Debug|x86.Build.0 = Debug|Any CPU
		{F403FA7C-786C-4DFF-93E8-01721E960416}.Release|Any CPU.ActiveCfg = Release|Any CPU
		{F403FA7C-786C-4DFF-93E8-01721E960416}.Release|Any CPU.Build.0 = Release|Any CPU
		{F403FA7C-786C-4DFF-93E8-01721E960416}.Release|x64.ActiveCfg = Release|Any CPU
		{F403FA7C-786C-4DFF-93E8-01721E960416}.Release|x64.Build.0 = Release|Any CPU
		{F403FA7C-786C-4DFF-93E8-01721E960416}.Release|x86.ActiveCfg = Release|Any CPU
		{F403FA7C-786C-4DFF-93E8-01721E960416}.Release|x86.Build.0 = Release|Any CPU
	EndGlobalSection
EndGlobal
